// !$*UTF8*$!
{
	archiveVersion = 1;
	classes = {
	};
	objectVersion = 50;
	objects = {

/* Begin PBXBuildFile section */
		6B4EC75D22BAD08500082E4F /* AppDelegate.swift in Sources */ = {isa = PBXBuildFile; fileRef = 6B4EC75C22BAD08500082E4F /* AppDelegate.swift */; };
		6B4EC75F22BAD08500082E4F /* SceneDelegate.swift in Sources */ = {isa = PBXBuildFile; fileRef = 6B4EC75E22BAD08500082E4F /* SceneDelegate.swift */; };
		6B4EC76122BAD08500082E4F /* ContentView.swift in Sources */ = {isa = PBXBuildFile; fileRef = 6B4EC76022BAD08500082E4F /* ContentView.swift */; };
		6B4EC76322BAD08600082E4F /* Assets.xcassets in Resources */ = {isa = PBXBuildFile; fileRef = 6B4EC76222BAD08600082E4F /* Assets.xcassets */; };
		6B4EC76622BAD08600082E4F /* Preview Assets.xcassets in Resources */ = {isa = PBXBuildFile; fileRef = 6B4EC76522BAD08600082E4F /* Preview Assets.xcassets */; };
		6B4EC76922BAD08600082E4F /* LaunchScreen.storyboard in Resources */ = {isa = PBXBuildFile; fileRef = 6B4EC76722BAD08600082E4F /* LaunchScreen.storyboard */; };
		6B4EC77422BAD08600082E4F /* SwiftUIExampleTests.swift in Sources */ = {isa = PBXBuildFile; fileRef = 6B4EC77322BAD08600082E4F /* SwiftUIExampleTests.swift */; };
		6B4EC77F22BAD08600082E4F /* SwiftUIExampleUITests.swift in Sources */ = {isa = PBXBuildFile; fileRef = 6B4EC77E22BAD08600082E4F /* SwiftUIExampleUITests.swift */; };
		6B4EC78D22BAD89D00082E4F /* CircleImage.swift in Sources */ = {isa = PBXBuildFile; fileRef = 6B4EC78C22BAD89D00082E4F /* CircleImage.swift */; };
		6B4EC78F22BADAB400082E4F /* MapView.swift in Sources */ = {isa = PBXBuildFile; fileRef = 6B4EC78E22BADAB400082E4F /* MapView.swift */; };
/* End PBXBuildFile section */

/* Begin PBXContainerItemProxy section */
		6B4EC77022BAD08600082E4F /* PBXContainerItemProxy */ = {
			isa = PBXContainerItemProxy;
			containerPortal = 6B4EC75122BAD08500082E4F /* Project object */;
			proxyType = 1;
			remoteGlobalIDString = 6B4EC75822BAD08500082E4F;
			remoteInfo = SwiftUIExample;
		};
		6B4EC77B22BAD08600082E4F /* PBXContainerItemProxy */ = {
			isa = PBXContainerItemProxy;
			containerPortal = 6B4EC75122BAD08500082E4F /* Project object */;
			proxyType = 1;
			remoteGlobalIDString = 6B4EC75822BAD08500082E4F;
			remoteInfo = SwiftUIExample;
		};
/* End PBXContainerItemProxy section */

/* Begin PBXFileReference section */
		6B4EC75922BAD08500082E4F /* SwiftUIExample.app */ = {isa = PBXFileReference; explicitFileType = wrapper.application; includeInIndex = 0; path = SwiftUIExample.app; sourceTree = BUILT_PRODUCTS_DIR; };
		6B4EC75C22BAD08500082E4F /* AppDelegate.swift */ = {isa = PBXFileReference; lastKnownFileType = sourcecode.swift; path = AppDelegate.swift; sourceTree = "<group>"; };
		6B4EC75E22BAD08500082E4F /* SceneDelegate.swift */ = {isa = PBXFileReference; lastKnownFileType = sourcecode.swift; path = SceneDelegate.swift; sourceTree = "<group>"; };
		6B4EC76022BAD08500082E4F /* ContentView.swift */ = {isa = PBXFileReference; lastKnownFileType = sourcecode.swift; path = ContentView.swift; sourceTree = "<group>"; usesTabs = 0; };
		6B4EC76222BAD08600082E4F /* Assets.xcassets */ = {isa = PBXFileReference; lastKnownFileType = folder.assetcatalog; path = Assets.xcassets; sourceTree = "<group>"; };
		6B4EC76522BAD08600082E4F /* Preview Assets.xcassets */ = {isa = PBXFileReference; lastKnownFileType = folder.assetcatalog; path = "Preview Assets.xcassets"; sourceTree = "<group>"; };
		6B4EC76822BAD08600082E4F /* Base */ = {isa = PBXFileReference; lastKnownFileType = file.storyboard; name = Base; path = Base.lproj/LaunchScreen.storyboard; sourceTree = "<group>"; };
		6B4EC76A22BAD08600082E4F /* Info.plist */ = {isa = PBXFileReference; lastKnownFileType = text.plist.xml; path = Info.plist; sourceTree = "<group>"; };
		6B4EC76F22BAD08600082E4F /* SwiftUIExampleTests.xctest */ = {isa = PBXFileReference; explicitFileType = wrapper.cfbundle; includeInIndex = 0; path = SwiftUIExampleTests.xctest; sourceTree = BUILT_PRODUCTS_DIR; };
		6B4EC77322BAD08600082E4F /* SwiftUIExampleTests.swift */ = {isa = PBXFileReference; lastKnownFileType = sourcecode.swift; path = SwiftUIExampleTests.swift; sourceTree = "<group>"; };
		6B4EC77522BAD08600082E4F /* Info.plist */ = {isa = PBXFileReference; lastKnownFileType = text.plist.xml; path = Info.plist; sourceTree = "<group>"; };
		6B4EC77A22BAD08600082E4F /* SwiftUIExampleUITests.xctest */ = {isa = PBXFileReference; explicitFileType = wrapper.cfbundle; includeInIndex = 0; path = SwiftUIExampleUITests.xctest; sourceTree = BUILT_PRODUCTS_DIR; };
		6B4EC77E22BAD08600082E4F /* SwiftUIExampleUITests.swift */ = {isa = PBXFileReference; lastKnownFileType = sourcecode.swift; path = SwiftUIExampleUITests.swift; sourceTree = "<group>"; };
		6B4EC78022BAD08600082E4F /* Info.plist */ = {isa = PBXFileReference; lastKnownFileType = text.plist.xml; path = Info.plist; sourceTree = "<group>"; };
		6B4EC78C22BAD89D00082E4F /* CircleImage.swift */ = {isa = PBXFileReference; lastKnownFileType = sourcecode.swift; path = CircleImage.swift; sourceTree = "<group>"; };
		6B4EC78E22BADAB400082E4F /* MapView.swift */ = {isa = PBXFileReference; lastKnownFileType = sourcecode.swift; path = MapView.swift; sourceTree = "<group>"; };
/* End PBXFileReference section */

/* Begin PBXFrameworksBuildPhase section */
		6B4EC75622BAD08500082E4F /* Frameworks */ = {
			isa = PBXFrameworksBuildPhase;
			buildActionMask = 2147483647;
			files = (
			);
			runOnlyForDeploymentPostprocessing = 0;
		};
		6B4EC76C22BAD08600082E4F /* Frameworks */ = {
			isa = PBXFrameworksBuildPhase;
			buildActionMask = 2147483647;
			files = (
			);
			runOnlyForDeploymentPostprocessing = 0;
		};
		6B4EC77722BAD08600082E4F /* Frameworks */ = {
			isa = PBXFrameworksBuildPhase;
			buildActionMask = 2147483647;
			files = (
			);
			runOnlyForDeploymentPostprocessing = 0;
		};
/* End PBXFrameworksBuildPhase section */

/* Begin PBXGroup section */
		6B4EC75022BAD08500082E4F = {
			isa = PBXGroup;
			children = (
				6B4EC75B22BAD08500082E4F /* SwiftUIExample */,
				6B4EC77222BAD08600082E4F /* SwiftUIExampleTests */,
				6B4EC77D22BAD08600082E4F /* SwiftUIExampleUITests */,
				6B4EC75A22BAD08500082E4F /* Products */,
			);
			sourceTree = "<group>";
		};
		6B4EC75A22BAD08500082E4F /* Products */ = {
			isa = PBXGroup;
			children = (
				6B4EC75922BAD08500082E4F /* SwiftUIExample.app */,
				6B4EC76F22BAD08600082E4F /* SwiftUIExampleTests.xctest */,
				6B4EC77A22BAD08600082E4F /* SwiftUIExampleUITests.xctest */,
			);
			name = Products;
			sourceTree = "<group>";
		};
		6B4EC75B22BAD08500082E4F /* SwiftUIExample */ = {
			isa = PBXGroup;
			children = (
				6B4EC75C22BAD08500082E4F /* AppDelegate.swift */,
				6B4EC75E22BAD08500082E4F /* SceneDelegate.swift */,
				6B4EC78E22BADAB400082E4F /* MapView.swift */,
				6B4EC76022BAD08500082E4F /* ContentView.swift */,
				6B4EC78C22BAD89D00082E4F /* CircleImage.swift */,
				6B4EC76222BAD08600082E4F /* Assets.xcassets */,
				6B4EC76722BAD08600082E4F /* LaunchScreen.storyboard */,
				6B4EC76A22BAD08600082E4F /* Info.plist */,
				6B4EC76422BAD08600082E4F /* Preview Content */,
			);
			path = SwiftUIExample;
			sourceTree = "<group>";
		};
		6B4EC76422BAD08600082E4F /* Preview Content */ = {
			isa = PBXGroup;
			children = (
				6B4EC76522BAD08600082E4F /* Preview Assets.xcassets */,
			);
			path = "Preview Content";
			sourceTree = "<group>";
		};
		6B4EC77222BAD08600082E4F /* SwiftUIExampleTests */ = {
			isa = PBXGroup;
			children = (
				6B4EC77322BAD08600082E4F /* SwiftUIExampleTests.swift */,
				6B4EC77522BAD08600082E4F /* Info.plist */,
			);
			path = SwiftUIExampleTests;
			sourceTree = "<group>";
		};
		6B4EC77D22BAD08600082E4F /* SwiftUIExampleUITests */ = {
			isa = PBXGroup;
			children = (
				6B4EC77E22BAD08600082E4F /* SwiftUIExampleUITests.swift */,
				6B4EC78022BAD08600082E4F /* Info.plist */,
			);
			path = SwiftUIExampleUITests;
			sourceTree = "<group>";
		};
/* End PBXGroup section */

/* Begin PBXNativeTarget section */
		6B4EC75822BAD08500082E4F /* SwiftUIExample */ = {
			isa = PBXNativeTarget;
			buildConfigurationList = 6B4EC78322BAD08600082E4F /* Build configuration list for PBXNativeTarget "SwiftUIExample" */;
			buildPhases = (
				6B4EC75522BAD08500082E4F /* Sources */,
				6B4EC75622BAD08500082E4F /* Frameworks */,
				6B4EC75722BAD08500082E4F /* Resources */,
			);
			buildRules = (
			);
			dependencies = (
			);
			name = SwiftUIExample;
			productName = SwiftUIExample;
			productReference = 6B4EC75922BAD08500082E4F /* SwiftUIExample.app */;
			productType = "com.apple.product-type.application";
		};
		6B4EC76E22BAD08600082E4F /* SwiftUIExampleTests */ = {
			isa = PBXNativeTarget;
			buildConfigurationList = 6B4EC78622BAD08600082E4F /* Build configuration list for PBXNativeTarget "SwiftUIExampleTests" */;
			buildPhases = (
				6B4EC76B22BAD08600082E4F /* Sources */,
				6B4EC76C22BAD08600082E4F /* Frameworks */,
				6B4EC76D22BAD08600082E4F /* Resources */,
			);
			buildRules = (
			);
			dependencies = (
				6B4EC77122BAD08600082E4F /* PBXTargetDependency */,
			);
			name = SwiftUIExampleTests;
			productName = SwiftUIExampleTests;
			productReference = 6B4EC76F22BAD08600082E4F /* SwiftUIExampleTests.xctest */;
			productType = "com.apple.product-type.bundle.unit-test";
		};
		6B4EC77922BAD08600082E4F /* SwiftUIExampleUITests */ = {
			isa = PBXNativeTarget;
			buildConfigurationList = 6B4EC78922BAD08600082E4F /* Build configuration list for PBXNativeTarget "SwiftUIExampleUITests" */;
			buildPhases = (
				6B4EC77622BAD08600082E4F /* Sources */,
				6B4EC77722BAD08600082E4F /* Frameworks */,
				6B4EC77822BAD08600082E4F /* Resources */,
			);
			buildRules = (
			);
			dependencies = (
				6B4EC77C22BAD08600082E4F /* PBXTargetDependency */,
			);
			name = SwiftUIExampleUITests;
			productName = SwiftUIExampleUITests;
			productReference = 6B4EC77A22BAD08600082E4F /* SwiftUIExampleUITests.xctest */;
			productType = "com.apple.product-type.bundle.ui-testing";
		};
/* End PBXNativeTarget section */

/* Begin PBXProject section */
		6B4EC75122BAD08500082E4F /* Project object */ = {
			isa = PBXProject;
			attributes = {
				LastSwiftUpdateCheck = 1100;
				LastUpgradeCheck = 1100;
				ORGANIZATIONNAME = "Pragathi Kallu";
				TargetAttributes = {
					6B4EC75822BAD08500082E4F = {
						CreatedOnToolsVersion = 11.0;
					};
					6B4EC76E22BAD08600082E4F = {
						CreatedOnToolsVersion = 11.0;
						TestTargetID = 6B4EC75822BAD08500082E4F;
					};
					6B4EC77922BAD08600082E4F = {
						CreatedOnToolsVersion = 11.0;
						TestTargetID = 6B4EC75822BAD08500082E4F;
					};
				};
			};
			buildConfigurationList = 6B4EC75422BAD08500082E4F /* Build configuration list for PBXProject "SwiftUIExample" */;
			compatibilityVersion = "Xcode 9.3";
			developmentRegion = en;
			hasScannedForEncodings = 0;
			knownRegions = (
				en,
				Base,
			);
			mainGroup = 6B4EC75022BAD08500082E4F;
			productRefGroup = 6B4EC75A22BAD08500082E4F /* Products */;
			projectDirPath = "";
			projectRoot = "";
			targets = (
				6B4EC75822BAD08500082E4F /* SwiftUIExample */,
				6B4EC76E22BAD08600082E4F /* SwiftUIExampleTests */,
				6B4EC77922BAD08600082E4F /* SwiftUIExampleUITests */,
			);
		};
/* End PBXProject section */

/* Begin PBXResourcesBuildPhase section */
		6B4EC75722BAD08500082E4F /* Resources */ = {
			isa = PBXResourcesBuildPhase;
			buildActionMask = 2147483647;
			files = (
				6B4EC76922BAD08600082E4F /* LaunchScreen.storyboard in Resources */,
				6B4EC76622BAD08600082E4F /* Preview Assets.xcassets in Resources */,
				6B4EC76322BAD08600082E4F /* Assets.xcassets in Resources */,
			);
			runOnlyForDeploymentPostprocessing = 0;
		};
		6B4EC76D22BAD08600082E4F /* Resources */ = {
			isa = PBXResourcesBuildPhase;
			buildActionMask = 2147483647;
			files = (
			);
			runOnlyForDeploymentPostprocessing = 0;
		};
		6B4EC77822BAD08600082E4F /* Resources */ = {
			isa = PBXResourcesBuildPhase;
			buildActionMask = 2147483647;
			files = (
			);
			runOnlyForDeploymentPostprocessing = 0;
		};
/* End PBXResourcesBuildPhase section */

/* Begin PBXSourcesBuildPhase section */
		6B4EC75522BAD08500082E4F /* Sources */ = {
			isa = PBXSourcesBuildPhase;
			buildActionMask = 2147483647;
			files = (
				6B4EC75D22BAD08500082E4F /* AppDelegate.swift in Sources */,
				6B4EC78D22BAD89D00082E4F /* CircleImage.swift in Sources */,
				6B4EC78F22BADAB400082E4F /* MapView.swift in Sources */,
				6B4EC75F22BAD08500082E4F /* SceneDelegate.swift in Sources */,
				6B4EC76122BAD08500082E4F /* ContentView.swift in Sources */,
			);
			runOnlyForDeploymentPostprocessing = 0;
		};
		6B4EC76B22BAD08600082E4F /* Sources */ = {
			isa = PBXSourcesBuildPhase;
			buildActionMask = 2147483647;
			files = (
				6B4EC77422BAD08600082E4F /* SwiftUIExampleTests.swift in Sources */,
			);
			runOnlyForDeploymentPostprocessing = 0;
		};
		6B4EC77622BAD08600082E4F /* Sources */ = {
			isa = PBXSourcesBuildPhase;
			buildActionMask = 2147483647;
			files = (
				6B4EC77F22BAD08600082E4F /* SwiftUIExampleUITests.swift in Sources */,
			);
			runOnlyForDeploymentPostprocessing = 0;
		};
/* End PBXSourcesBuildPhase section */

/* Begin PBXTargetDependency section */
		6B4EC77122BAD08600082E4F /* PBXTargetDependency */ = {
			isa = PBXTargetDependency;
			target = 6B4EC75822BAD08500082E4F /* SwiftUIExample */;
			targetProxy = 6B4EC77022BAD08600082E4F /* PBXContainerItemProxy */;
		};
		6B4EC77C22BAD08600082E4F /* PBXTargetDependency */ = {
			isa = PBXTargetDependency;
			target = 6B4EC75822BAD08500082E4F /* SwiftUIExample */;
			targetProxy = 6B4EC77B22BAD08600082E4F /* PBXContainerItemProxy */;
		};
/* End PBXTargetDependency section */

/* Begin PBXVariantGroup section */
		6B4EC76722BAD08600082E4F /* LaunchScreen.storyboard */ = {
			isa = PBXVariantGroup;
			children = (
				6B4EC76822BAD08600082E4F /* Base */,
			);
			name = LaunchScreen.storyboard;
			sourceTree = "<group>";
		};
/* End PBXVariantGroup section */

/* Begin XCBuildConfiguration section */
		6B4EC78122BAD08600082E4F /* Debug */ = {
			isa = XCBuildConfiguration;
			buildSettings = {
				ALWAYS_SEARCH_USER_PATHS = NO;
				CLANG_ANALYZER_NONNULL = YES;
				CLANG_ANALYZER_NUMBER_OBJECT_CONVERSION = YES_AGGRESSIVE;
				CLANG_CXX_LANGUAGE_STANDARD = "gnu++14";
				CLANG_CXX_LIBRARY = "libc++";
				CLANG_ENABLE_MODULES = YES;
				CLANG_ENABLE_OBJC_ARC = YES;
				CLANG_ENABLE_OBJC_WEAK = YES;
				CLANG_WARN_BLOCK_CAPTURE_AUTORELEASING = YES;
				CLANG_WARN_BOOL_CONVERSION = YES;
				CLANG_WARN_COMMA = YES;
				CLANG_WARN_CONSTANT_CONVERSION = YES;
				CLANG_WARN_DEPRECATED_OBJC_IMPLEMENTATIONS = YES;
				CLANG_WARN_DIRECT_OBJC_ISA_USAGE = YES_ERROR;
				CLANG_WARN_DOCUMENTATION_COMMENTS = YES;
				CLANG_WARN_EMPTY_BODY = YES;
				CLANG_WARN_ENUM_CONVERSION = YES;
				CLANG_WARN_INFINITE_RECURSION = YES;
				CLANG_WARN_INT_CONVERSION = YES;
				CLANG_WARN_NON_LITERAL_NULL_CONVERSION = YES;
				CLANG_WARN_OBJC_IMPLICIT_RETAIN_SELF = YES;
				CLANG_WARN_OBJC_LITERAL_CONVERSION = YES;
				CLANG_WARN_OBJC_ROOT_CLASS = YES_ERROR;
				CLANG_WARN_RANGE_LOOP_ANALYSIS = YES;
				CLANG_WARN_STRICT_PROTOTYPES = YES;
				CLANG_WARN_SUSPICIOUS_MOVE = YES;
				CLANG_WARN_UNGUARDED_AVAILABILITY = YES_AGGRESSIVE;
				CLANG_WARN_UNREACHABLE_CODE = YES;
				CLANG_WARN__DUPLICATE_METHOD_MATCH = YES;
				COPY_PHASE_STRIP = NO;
				DEBUG_INFORMATION_FORMAT = dwarf;
				ENABLE_STRICT_OBJC_MSGSEND = YES;
				ENABLE_TESTABILITY = YES;
				GCC_C_LANGUAGE_STANDARD = gnu11;
				GCC_DYNAMIC_NO_PIC = NO;
				GCC_NO_COMMON_BLOCKS = YES;
				GCC_OPTIMIZATION_LEVEL = 0;
				GCC_PREPROCESSOR_DEFINITIONS = (
					"DEBUG=1",
					"$(inherited)",
				);
				GCC_WARN_64_TO_32_BIT_CONVERSION = YES;
				GCC_WARN_ABOUT_RETURN_TYPE = YES_ERROR;
				GCC_WARN_UNDECLARED_SELECTOR = YES;
				GCC_WARN_UNINITIALIZED_AUTOS = YES_AGGRESSIVE;
				GCC_WARN_UNUSED_FUNCTION = YES;
				GCC_WARN_UNUSED_VARIABLE = YES;
				IPHONEOS_DEPLOYMENT_TARGET = 13.0;
				MTL_ENABLE_DEBUG_INFO = INCLUDE_SOURCE;
				MTL_FAST_MATH = YES;
				ONLY_ACTIVE_ARCH = YES;
				SDKROOT = iphoneos;
				SWIFT_ACTIVE_COMPILATION_CONDITIONS = DEBUG;
				SWIFT_OPTIMIZATION_LEVEL = "-Onone";
			};
			name = Debug;
		};
		6B4EC78222BAD08600082E4F /* Release */ = {
			isa = XCBuildConfiguration;
			buildSettings = {
				ALWAYS_SEARCH_USER_PATHS = NO;
				CLANG_ANALYZER_NONNULL = YES;
				CLANG_ANALYZER_NUMBER_OBJECT_CONVERSION = YES_AGGRESSIVE;
				CLANG_CXX_LANGUAGE_STANDARD = "gnu++14";
				CLANG_CXX_LIBRARY = "libc++";
				CLANG_ENABLE_MODULES = YES;
				CLANG_ENABLE_OBJC_ARC = YES;
				CLANG_ENABLE_OBJC_WEAK = YES;
				CLANG_WARN_BLOCK_CAPTURE_AUTORELEASING = YES;
				CLANG_WARN_BOOL_CONVERSION = YES;
				CLANG_WARN_COMMA = YES;
				CLANG_WARN_CONSTANT_CONVERSION = YES;
				CLANG_WARN_DEPRECATED_OBJC_IMPLEMENTATIONS = YES;
				CLANG_WARN_DIRECT_OBJC_ISA_USAGE = YES_ERROR;
				CLANG_WARN_DOCUMENTATION_COMMENTS = YES;
				CLANG_WARN_EMPTY_BODY = YES;
				CLANG_WARN_ENUM_CONVERSION = YES;
				CLANG_WARN_INFINITE_RECURSION = YES;
				CLANG_WARN_INT_CONVERSION = YES;
				CLANG_WARN_NON_LITERAL_NULL_CONVERSION = YES;
				CLANG_WARN_OBJC_IMPLICIT_RETAIN_SELF = YES;
				CLANG_WARN_OBJC_LITERAL_CONVERSION = YES;
				CLANG_WARN_OBJC_ROOT_CLASS = YES_ERROR;
				CLANG_WARN_RANGE_LOOP_ANALYSIS = YES;
				CLANG_WARN_STRICT_PROTOTYPES = YES;
				CLANG_WARN_SUSPICIOUS_MOVE = YES;
				CLANG_WARN_UNGUARDED_AVAILABILITY = YES_AGGRESSIVE;
				CLANG_WARN_UNREACHABLE_CODE = YES;
				CLANG_WARN__DUPLICATE_METHOD_MATCH = YES;
				COPY_PHASE_STRIP = NO;
				DEBUG_INFORMATION_FORMAT = "dwarf-with-dsym";
				ENABLE_NS_ASSERTIONS = NO;
				ENABLE_STRICT_OBJC_MSGSEND = YES;
				GCC_C_LANGUAGE_STANDARD = gnu11;
				GCC_NO_COMMON_BLOCKS = YES;
				GCC_WARN_64_TO_32_BIT_CONVERSION = YES;
				GCC_WARN_ABOUT_RETURN_TYPE = YES_ERROR;
				GCC_WARN_UNDECLARED_SELECTOR = YES;
				GCC_WARN_UNINITIALIZED_AUTOS = YES_AGGRESSIVE;
				GCC_WARN_UNUSED_FUNCTION = YES;
				GCC_WARN_UNUSED_VARIABLE = YES;
				IPHONEOS_DEPLOYMENT_TARGET = 13.0;
				MTL_ENABLE_DEBUG_INFO = NO;
				MTL_FAST_MATH = YES;
				SDKROOT = iphoneos;
				SWIFT_COMPILATION_MODE = wholemodule;
				SWIFT_OPTIMIZATION_LEVEL = "-O";
				VALIDATE_PRODUCT = YES;
			};
			name = Release;
		};
		6B4EC78422BAD08600082E4F /* Debug */ = {
			isa = XCBuildConfiguration;
			buildSettings = {
				ASSETCATALOG_COMPILER_APPICON_NAME = AppIcon;
				CODE_SIGN_STYLE = Automatic;
				DEVELOPMENT_ASSET_PATHS = "SwiftUIExample/Preview\\ Content";
				ENABLE_PREVIEWS = YES;
				INFOPLIST_FILE = SwiftUIExample/Info.plist;
				LD_RUNPATH_SEARCH_PATHS = (
					"$(inherited)",
					"@executable_path/Frameworks",
				);
				PRODUCT_BUNDLE_IDENTIFIER = com.Self.SwiftUIExample;
				PRODUCT_NAME = "$(TARGET_NAME)";
				SWIFT_VERSION = 5.0;
				TARGETED_DEVICE_FAMILY = "1,2";
			};
			name = Debug;
		};
		6B4EC78522BAD08600082E4F /* Release */ = {
			isa = XCBuildConfiguration;
			buildSettings = {
				ASSETCATALOG_COMPILER_APPICON_NAME = AppIcon;
				CODE_SIGN_STYLE = Automatic;
				DEVELOPMENT_ASSET_PATHS = "SwiftUIExample/Preview\\ Content";
				ENABLE_PREVIEWS = YES;
				INFOPLIST_FILE = SwiftUIExample/Info.plist;
				LD_RUNPATH_SEARCH_PATHS = (
					"$(inherited)",
					"@executable_path/Frameworks",
				);
				PRODUCT_BUNDLE_IDENTIFIER = com.Self.SwiftUIExample;
				PRODUCT_NAME = "$(TARGET_NAME)";
				SWIFT_VERSION = 5.0;
				TARGETED_DEVICE_FAMILY = "1,2";
			};
			name = Release;
		};
		6B4EC78722BAD08600082E4F /* Debug */ = {
			isa = XCBuildConfiguration;
			buildSettings = {
				ALWAYS_EMBED_SWIFT_STANDARD_LIBRARIES = YES;
				BUNDLE_LOADER = "$(TEST_HOST)";
				CODE_SIGN_STYLE = Automatic;
				INFOPLIST_FILE = SwiftUIExampleTests/Info.plist;
				LD_RUNPATH_SEARCH_PATHS = (
					"$(inherited)",
					"@executable_path/Frameworks",
					"@loader_path/Frameworks",
				);
				PRODUCT_BUNDLE_IDENTIFIER = com.Self.SwiftUIExampleTests;
				PRODUCT_NAME = "$(TARGET_NAME)";
				SWIFT_VERSION = 5.0;
				TARGETED_DEVICE_FAMILY = "1,2";
				TEST_HOST = "$(BUILT_PRODUCTS_DIR)/SwiftUIExample.app/SwiftUIExample";
			};
			name = Debug;
		};
		6B4EC78822BAD08600082E4F /* Release */ = {
			isa = XCBuildConfiguration;
			buildSettings = {
				ALWAYS_EMBED_SWIFT_STANDARD_LIBRARIES = YES;
				BUNDLE_LOADER = "$(TEST_HOST)";
				CODE_SIGN_STYLE = Automatic;
				INFOPLIST_FILE = SwiftUIExampleTests/Info.plist;
				LD_RUNPATH_SEARCH_PATHS = (
					"$(inherited)",
					"@executable_path/Frameworks",
					"@loader_path/Frameworks",
				);
				PRODUCT_BUNDLE_IDENTIFIER = com.Self.SwiftUIExampleTests;
				PRODUCT_NAME = "$(TARGET_NAME)";
				SWIFT_VERSION = 5.0;
				TARGETED_DEVICE_FAMILY = "1,2";
				TEST_HOST = "$(BUILT_PRODUCTS_DIR)/SwiftUIExample.app/SwiftUIExample";
			};
			name = Release;
		};
		6B4EC78A22BAD08600082E4F /* Debug */ = {
			isa = XCBuildConfiguration;
			buildSettings = {
				ALWAYS_EMBED_SWIFT_STANDARD_LIBRARIES = YES;
				CODE_SIGN_STYLE = Automatic;
				INFOPLIST_FILE = SwiftUIExampleUITests/Info.plist;
				LD_RUNPATH_SEARCH_PATHS = (
					"$(inherited)",
					"@executable_path/Frameworks",
					"@loader_path/Frameworks",
				);
				PRODUCT_BUNDLE_IDENTIFIER = com.Self.SwiftUIExampleUITests;
				PRODUCT_NAME = "$(TARGET_NAME)";
				SWIFT_VERSION = 5.0;
				TARGETED_DEVICE_FAMILY = "1,2";
				TEST_TARGET_NAME = SwiftUIExample;
			};
			name = Debug;
		};
		6B4EC78B22BAD08600082E4F /* Release */ = {
			isa = XCBuildConfiguration;
			buildSettings = {
				ALWAYS_EMBED_SWIFT_STANDARD_LIBRARIES = YES;
				CODE_SIGN_STYLE = Automatic;
				INFOPLIST_FILE = SwiftUIExampleUITests/Info.plist;
				LD_RUNPATH_SEARCH_PATHS = (
					"$(inherited)",
					"@executable_path/Frameworks",
					"@loader_path/Frameworks",
				);
				PRODUCT_BUNDLE_IDENTIFIER = com.Self.SwiftUIExampleUITests;
				PRODUCT_NAME = "$(TARGET_NAME)";
				SWIFT_VERSION = 5.0;
				TARGETED_DEVICE_FAMILY = "1,2";
				TEST_TARGET_NAME = SwiftUIExample;
			};
			name = Release;
		};
/* End XCBuildConfiguration section */

/* Begin XCConfigurationList section */
		6B4EC75422BAD08500082E4F /* Build configuration list for PBXProject "SwiftUIExample" */ = {
			isa = XCConfigurationList;
			buildConfigurations = (
				6B4EC78122BAD08600082E4F /* Debug */,
				6B4EC78222BAD08600082E4F /* Release */,
			);
			defaultConfigurationIsVisible = 0;
			defaultConfigurationName = Release;
		};
		6B4EC78322BAD08600082E4F /* Build configuration list for PBXNativeTarget "SwiftUIExample" */ = {
			isa = XCConfigurationList;
			buildConfigurations = (
				6B4EC78422BAD08600082E4F /* Debug */,
				6B4EC78522BAD08600082E4F /* Release */,
			);
			defaultConfigurationIsVisible = 0;
			defaultConfigurationName = Release;
		};
		6B4EC78622BAD08600082E4F /* Build configuration list for PBXNativeTarget "SwiftUIExampleTests" */ = {
			isa = XCConfigurationList;
			buildConfigurations = (
				6B4EC78722BAD08600082E4F /* Debug */,
				6B4EC78822BAD08600082E4F /* Release */,
			);
			defaultConfigurationIsVisible = 0;
			defaultConfigurationName = Release;
		};
		6B4EC78922BAD08600082E4F /* Build configuration list for PBXNativeTarget "SwiftUIExampleUITests" */ = {
			isa = XCConfigurationList;
			buildConfigurations = (
				6B4EC78A22BAD08600082E4F /* Debug */,
				6B4EC78B22BAD08600082E4F /* Release */,
			);
			defaultConfigurationIsVisible = 0;
			defaultConfigurationName = Release;
		};
/* End XCConfigurationList section */
	};
	rootObject = 6B4EC75122BAD08500082E4F /* Project object */;
}
